
Microsoft Visual Studio Solution File, Format Version 12.00
# Visual Studio Version 17
VisualStudioVersion = 17.14.36202.13
MinimumVisualStudioVersion = 10.0.40219.1
Project("{8BC9CEB8-8B4A-11D0-8D11-00A0C91BC942}") = "Inheritance", "Inheritance\Inheritance.vcxproj", "{720F325F-2796-466A-8D6B-3FC06D1B16D1}"
EndProject
Project("{8BC9CEB8-8B4A-11D0-8D11-00A0C91BC942}") = "Academy", "Academy\Academy.vcxproj", "{492A4AEE-4787-4361-8D1F-B279247E89ED}"
EndProject
Project("{8BC9CEB8-8B4A-11D0-8D11-00A0C91BC942}") = "Filse", "Filse\Filse.vcxproj", "{28E7CEB0-4FA5-44C2-827D-389305DD9BA4}"
EndProject
Project("{8BC9CEB8-8B4A-11D0-8D11-00A0C91BC942}") = "Academy_2", "Academy_2\Academy_2.vcxproj", "{07DD2CBA-5DD5-421A-827F-1840ADC0840E}"
EndProject
Project("{8BC9CEB8-8B4A-11D0-8D11-00A0C91BC942}") = "Filse_2", "Filse_2\Filse_2.vcxproj", "{AAEF285B-A28B-4A30-A209-FD078CB4C916}"
EndProject
Project("{8BC9CEB8-8B4A-11D0-8D11-00A0C91BC942}") = "AbstractBaseClass", "AbstractBaseClass\AbstractBaseClass.vcxproj", "{3E9E0506-2767-4532-8CEC-4D134F4ACB74}"
EndProject
Project("{8BC9CEB8-8B4A-11D0-8D11-00A0C91BC942}") = "AbstractGeometry", "AbstractGeometry\AbstractGeometry.vcxproj", "{CBACEA27-F17B-4EB2-9A8C-450475B448EB}"
EndProject
Global
	GlobalSection(SolutionConfigurationPlatforms) = preSolution
		Debug|x64 = Debug|x64
		Debug|x86 = Debug|x86
		Release|x64 = Release|x64
		Release|x86 = Release|x86
	EndGlobalSection
	GlobalSection(ProjectConfigurationPlatforms) = postSolution
		{720F325F-2796-466A-8D6B-3FC06D1B16D1}.Debug|x64.ActiveCfg = Debug|x64
		{720F325F-2796-466A-8D6B-3FC06D1B16D1}.Debug|x64.Build.0 = Debug|x64
		{720F325F-2796-466A-8D6B-3FC06D1B16D1}.Debug|x86.ActiveCfg = Debug|Win32
		{720F325F-2796-466A-8D6B-3FC06D1B16D1}.Debug|x86.Build.0 = Debug|Win32
		{720F325F-2796-466A-8D6B-3FC06D1B16D1}.Release|x64.ActiveCfg = Release|x64
		{720F325F-2796-466A-8D6B-3FC06D1B16D1}.Release|x64.Build.0 = Release|x64
		{720F325F-2796-466A-8D6B-3FC06D1B16D1}.Release|x86.ActiveCfg = Release|Win32
		{720F325F-2796-466A-8D6B-3FC06D1B16D1}.Release|x86.Build.0 = Release|Win32
		{492A4AEE-4787-4361-8D1F-B279247E89ED}.Debug|x64.ActiveCfg = Debug|x64
		{492A4AEE-4787-4361-8D1F-B279247E89ED}.Debug|x64.Build.0 = Debug|x64
		{492A4AEE-4787-4361-8D1F-B279247E89ED}.Debug|x86.ActiveCfg = Debug|Win32
		{492A4AEE-4787-4361-8D1F-B279247E89ED}.Debug|x86.Build.0 = Debug|Win32
		{492A4AEE-4787-4361-8D1F-B279247E89ED}.Release|x64.ActiveCfg = Release|x64
		{492A4AEE-4787-4361-8D1F-B279247E89ED}.Release|x64.Build.0 = Release|x64
		{492A4AEE-4787-4361-8D1F-B279247E89ED}.Release|x86.ActiveCfg = Release|Win32
		{492A4AEE-4787-4361-8D1F-B279247E89ED}.Release|x86.Build.0 = Release|Win32
		{28E7CEB0-4FA5-44C2-827D-389305DD9BA4}.Debug|x64.ActiveCfg = Debug|x64
		{28E7CEB0-4FA5-44C2-827D-389305DD9BA4}.Debug|x64.Build.0 = Debug|x64
		{28E7CEB0-4FA5-44C2-827D-389305DD9BA4}.Debug|x86.ActiveCfg = Debug|Win32
		{28E7CEB0-4FA5-44C2-827D-389305DD9BA4}.Debug|x86.Build.0 = Debug|Win32
		{28E7CEB0-4FA5-44C2-827D-389305DD9BA4}.Release|x64.ActiveCfg = Release|x64
		{28E7CEB0-4FA5-44C2-827D-389305DD9BA4}.Release|x64.Build.0 = Release|x64
		{28E7CEB0-4FA5-44C2-827D-389305DD9BA4}.Release|x86.ActiveCfg = Release|Win32
		{28E7CEB0-4FA5-44C2-827D-389305DD9BA4}.Release|x86.Build.0 = Release|Win32
		{07DD2CBA-5DD5-421A-827F-1840ADC0840E}.Debug|x64.ActiveCfg = Debug|x64
		{07DD2CBA-5DD5-421A-827F-1840ADC0840E}.Debug|x64.Build.0 = Debug|x64
		{07DD2CBA-5DD5-421A-827F-1840ADC0840E}.Debug|x86.ActiveCfg = Debug|Win32
		{07DD2CBA-5DD5-421A-827F-1840ADC0840E}.Debug|x86.Build.0 = Debug|Win32
		{07DD2CBA-5DD5-421A-827F-1840ADC0840E}.Release|x64.ActiveCfg = Release|x64
		{07DD2CBA-5DD5-421A-827F-1840ADC0840E}.Release|x64.Build.0 = Release|x64
		{07DD2CBA-5DD5-421A-827F-1840ADC0840E}.Release|x86.ActiveCfg = Release|Win32
		{07DD2CBA-5DD5-421A-827F-1840ADC0840E}.Release|x86.Build.0 = Release|Win32
		{AAEF285B-A28B-4A30-A209-FD078CB4C916}.Debug|x64.ActiveCfg = Debug|x64
		{AAEF285B-A28B-4A30-A209-FD078CB4C916}.Debug|x64.Build.0 = Debug|x64
		{AAEF285B-A28B-4A30-A209-FD078CB4C916}.Debug|x86.ActiveCfg = Debug|Win32
		{AAEF285B-A28B-4A30-A209-FD078CB4C916}.Debug|x86.Build.0 = Debug|Win32
		{AAEF285B-A28B-4A30-A209-FD078CB4C916}.Release|x64.ActiveCfg = Release|x64
		{AAEF285B-A28B-4A30-A209-FD078CB4C916}.Release|x64.Build.0 = Release|x64
		{AAEF285B-A28B-4A30-A209-FD078CB4C916}.Release|x86.ActiveCfg = Release|Win32
		{AAEF285B-A28B-4A30-A209-FD078CB4C916}.Release|x86.Build.0 = Release|Win32
		{3E9E0506-2767-4532-8CEC-4D134F4ACB74}.Debug|x64.ActiveCfg = Debug|x64
		{3E9E0506-2767-4532-8CEC-4D134F4ACB74}.Debug|x64.Build.0 = Debug|x64
		{3E9E0506-2767-4532-8CEC-4D134F4ACB74}.Debug|x86.ActiveCfg = Debug|Win32
		{3E9E0506-2767-4532-8CEC-4D134F4ACB74}.Debug|x86.Build.0 = Debug|Win32
		{3E9E0506-2767-4532-8CEC-4D134F4ACB74}.Release|x64.ActiveCfg = Release|x64
		{3E9E0506-2767-4532-8CEC-4D134F4ACB74}.Release|x64.Build.0 = Release|x64
		{3E9E0506-2767-4532-8CEC-4D134F4ACB74}.Release|x86.ActiveCfg = Release|Win32
		{3E9E0506-2767-4532-8CEC-4D134F4ACB74}.Release|x86.Build.0 = Release|Win32
		{CBACEA27-F17B-4EB2-9A8C-450475B448EB}.Debug|x64.ActiveCfg = Debug|x64
		{CBACEA27-F17B-4EB2-9A8C-450475B448EB}.Debug|x64.Build.0 = Debug|x64
		{CBACEA27-F17B-4EB2-9A8C-450475B448EB}.Debug|x86.ActiveCfg = Debug|Win32
		{CBACEA27-F17B-4EB2-9A8C-450475B448EB}.Debug|x86.Build.0 = Debug|Win32
		{CBACEA27-F17B-4EB2-9A8C-450475B448EB}.Release|x64.ActiveCfg = Release|x64
		{CBACEA27-F17B-4EB2-9A8C-450475B448EB}.Release|x64.Build.0 = Release|x64
		{CBACEA27-F17B-4EB2-9A8C-450475B448EB}.Release|x86.ActiveCfg = Release|Win32
		{CBACEA27-F17B-4EB2-9A8C-450475B448EB}.Release|x86.Build.0 = Release|Win32
	EndGlobalSection
	GlobalSection(SolutionProperties) = preSolution
		HideSolutionNode = FALSE
	EndGlobalSection
	GlobalSection(ExtensibilityGlobals) = postSolution
		SolutionGuid = {13BF601C-8973-4244-9794-67CD9FF2ED65}
	EndGlobalSection
EndGlobal
